
Microsoft Visual Studio Solution File, Format Version 12.00
# Visual Studio 15
VisualStudioVersion = 15.0.27428.2037
MinimumVisualStudioVersion = 10.0.40219.1
Project("{FAE04EC0-301F-11D3-BF4B-00C04F79EFBC}") = "WebCrawler", "WebCrawler\WebCrawler.csproj", "{C804EFDA-C29B-48E6-A9D3-00D16AC53395}"
EndProject
Project("{FAE04EC0-301F-11D3-BF4B-00C04F79EFBC}") = "ls.Common", "..\..\ls\ls\src\ls.Common\ls.Common.csproj", "{F4E6F4DD-E8A6-4451-8356-01FF60A5F3BA}"
EndProject
Project("{FAE04EC0-301F-11D3-BF4B-00C04F79EFBC}") = "System.Extensions", "..\..\ls\ls\src\System.Extensions\System.Extensions.csproj", "{F1DA37E1-B94F-4614-BAAA-E6800CF0ADDE}"
EndProject
Global
	GlobalSection(SolutionConfigurationPlatforms) = preSolution
		Debug|Any CPU = Debug|Any CPU
		Release|Any CPU = Release|Any CPU
	EndGlobalSection
	GlobalSection(ProjectConfigurationPlatforms) = postSolution
		{C804EFDA-C29B-48E6-A9D3-00D16AC53395}.Debug|Any CPU.ActiveCfg = Debug|Any CPU
		{C804EFDA-C29B-48E6-A9D3-00D16AC53395}.Debug|Any CPU.Build.0 = Debug|Any CPU
		{C804EFDA-C29B-48E6-A9D3-00D16AC53395}.Release|Any CPU.ActiveCfg = Release|Any CPU
		{C804EFDA-C29B-48E6-A9D3-00D16AC53395}.Release|Any CPU.Build.0 = Release|Any CPU
		{F4E6F4DD-E8A6-4451-8356-01FF60A5F3BA}.Debug|Any CPU.ActiveCfg = Debug|Any CPU
		{F4E6F4DD-E8A6-4451-8356-01FF60A5F3BA}.Debug|Any CPU.Build.0 = Debug|Any CPU
		{F4E6F4DD-E8A6-4451-8356-01FF60A5F3BA}.Release|Any CPU.ActiveCfg = Release|Any CPU
		{F4E6F4DD-E8A6-4451-8356-01FF60A5F3BA}.Release|Any CPU.Build.0 = Release|Any CPU
		{F1DA37E1-B94F-4614-BAAA-E6800CF0ADDE}.Debug|Any CPU.ActiveCfg = Debug|Any CPU
		{F1DA37E1-B94F-4614-BAAA-E6800CF0ADDE}.Debug|Any CPU.Build.0 = Debug|Any CPU
		{F1DA37E1-B94F-4614-BAAA-E6800CF0ADDE}.Release|Any CPU.ActiveCfg = Release|Any CPU
		{F1DA37E1-B94F-4614-BAAA-E6800CF0ADDE}.Release|Any CPU.Build.0 = Release|Any CPU
	EndGlobalSection
	GlobalSection(SolutionProperties) = preSolution
		HideSolutionNode = FALSE
	EndGlobalSection
	GlobalSection(ExtensibilityGlobals) = postSolution
		SolutionGuid = {64937074-EB39-4046-BE7F-BC37F2A66651}
	EndGlobalSection
EndGlobal
